PODS:
  - AFNetworking (3.2.1):
    - AFNetworking/NSURLSession (= 3.2.1)
    - AFNetworking/Reachability (= 3.2.1)
    - AFNetworking/Security (= 3.2.1)
    - AFNetworking/Serialization (= 3.2.1)
    - AFNetworking/UIKit (= 3.2.1)
  - AFNetworking/NSURLSession (3.2.1):
    - AFNetworking/Reachability
    - AFNetworking/Security
    - AFNetworking/Serialization
  - AFNetworking/Reachability (3.2.1)
  - AFNetworking/Security (3.2.1)
  - AFNetworking/Serialization (3.2.1)
  - AFNetworking/UIKit (3.2.1):
    - AFNetworking/NSURLSession
  - BGFMDB (2.0.13):
    - BGFMDB/BG (= 2.0.13)
    - BGFMDB/FMDB (= 2.0.13)
  - BGFMDB/BG (2.0.13):
    - BGFMDB/FMDB
  - BGFMDB/FMDB (2.0.13)
  - DZNEmptyDataSet (1.8.1)
  - IQKeyboardManager (6.2.0)
  - JLRoutes (2.1)
  - JXCategoryView (1.5.2)
  - Masonry (1.1.0)
  - MBProgressHUD (1.1.0)
  - MJRefresh (3.1.15.7)
  - Qiniu (7.3.0)
  - ReactiveCocoa (2.5.2):
    - ReactiveCocoa/UI (= 2.5.2)
  - ReactiveCocoa/Core (2.5.2):
    - ReactiveCocoa/no-arc
  - ReactiveCocoa/no-arc (2.5.2)
  - ReactiveCocoa/UI (2.5.2):
    - ReactiveCocoa/Core
  - RealReachability (1.3.0):
    - RealReachability/Connection (= 1.3.0)
    - RealReachability/Ping (= 1.3.0)
  - RealReachability/Connection (1.3.0)
  - RealReachability/Ping (1.3.0)
  - YHDragContainer (0.6.2)
  - YYCache (1.0.4)
  - YYImage (1.0.4):
    - YYImage/Core (= 1.0.4)
  - YYImage/Core (1.0.4)
  - YYImage/WebP (1.0.4):
    - YYImage/Core
  - YYModel (1.0.4)
  - YYWebImage (1.0.5):
    - YYCache
    - YYImage

DEPENDENCIES:
  - AFNetworking
  - BGFMDB
  - DZNEmptyDataSet
  - IQKeyboardManager
  - JLRoutes
  - JXCategoryView
  - Masonry
  - MBProgressHUD
  - MJRefresh
  - Qiniu
  - ReactiveCocoa (from `https://github.com/zhao0/ReactiveCocoa.git`, tag `2.5.2`)
  - RealReachability
  - YHDragContainer
  - YYImage
  - YYImage/WebP
  - YYModel
  - YYWebImage

SPEC REPOS:
  https://github.com/cocoapods/specs.git:
    - AFNetworking
    - BGFMDB
    - DZNEmptyDataSet
    - IQKeyboardManager
    - JLRoutes
    - JXCategoryView
    - Masonry
    - MBProgressHUD
    - MJRefresh
    - Qiniu
    - RealReachability
    - YHDragContainer
    - YYCache
    - YYImage
    - YYModel
    - YYWebImage

EXTERNAL SOURCES:
  ReactiveCocoa:
    :git: https://github.com/zhao0/ReactiveCocoa.git
    :tag: 2.5.2

CHECKOUT OPTIONS:
  ReactiveCocoa:
    :git: https://github.com/zhao0/ReactiveCocoa.git
    :tag: 2.5.2

SPEC CHECKSUMS:
  AFNetworking: b6f891fdfaed196b46c7a83cf209e09697b94057
  BGFMDB: 48e6823027232402a678acc7f71484b1fc9171d0
  DZNEmptyDataSet: 9525833b9e68ac21c30253e1d3d7076cc828eaa7
  IQKeyboardManager: 6194101620b73af5e67900b8f89707a99de0b804
  JLRoutes: d755245322b94227662ea3e43492fdca94e05c5b
  JXCategoryView: b284d35a7a8772eada05dd78642233e1eb763ea8
  Masonry: 678fab65091a9290e40e2832a55e7ab731aad201
  MBProgressHUD: e7baa36a220447d8aeb12769bf0585582f3866d9
  MJRefresh: 697f8ec75ebdbe9207767bb682cf0f51b0d8a41f
  Qiniu: a2fb1f87b40f52bc1f386d93c6d48aab09472eae
  ReactiveCocoa: 3ff25b1bd992ac79c5c79b26b6c0c1713b715bb2
  RealReachability: eae9c58d2db52fadd8e1cba4b5d4c028454fbc47
  YHDragContainer: a3b98c15e8413a5eba144d914903bd3d3ee48573
  YYCache: 8105b6638f5e849296c71f331ff83891a4942952
  YYImage: 1e1b62a9997399593e4b9c4ecfbbabbf1d3f3b54
  YYModel: 2a7fdd96aaa4b86a824e26d0c517de8928c04b30
  YYWebImage: 5f7f36aee2ae293f016d418c7d6ba05c4863e928

PODFILE CHECKSUM: 48b5e7c129cfecbfa50b1d9dff8ddca28234f2c0

COCOAPODS: 1.5.3
